PODS:
  - cocoa_grinwallet (0.0.1)

DEPENDENCIES:
  - cocoa_grinwallet (from `../../../../gottstech/cocoa_grinwallet`)

EXTERNAL SOURCES:
  cocoa_grinwallet:
    :path: "../../../../gottstech/cocoa_grinwallet"

SPEC CHECKSUMS:
  cocoa_grinwallet: 14cead88c58833710156f3ec2d53a316e449bd04

PODFILE CHECKSUM: 8a8fdafb1b71a16f2ce0005de0890b920a554b1c

COCOAPODS: 1.7.2
