PODS:
  - cocoa_grinwallet (0.1.0):
    - ObjectMapper (~> 3.5)
    - Result (~> 4.1)
    - SwiftyJSON (~> 5.0)
  - ObjectMapper (3.5.0)
  - Result (4.1.0)
  - SwiftyJSON (5.0.0)

DEPENDENCIES:
  - cocoa_grinwallet (from `https://github.com/gottstech/cocoa_grinwallet.git`, commit `ec5a686234e24f3b2faeedbedf40ffbf966e427e`)

SPEC REPOS:
  https://github.com/cocoapods/specs.git:
    - ObjectMapper
    - Result
    - SwiftyJSON

EXTERNAL SOURCES:
  cocoa_grinwallet:
    :commit: ec5a686234e24f3b2faeedbedf40ffbf966e427e
    :git: https://github.com/gottstech/cocoa_grinwallet.git

CHECKOUT OPTIONS:
  cocoa_grinwallet:
    :commit: ec5a686234e24f3b2faeedbedf40ffbf966e427e
    :git: https://github.com/gottstech/cocoa_grinwallet.git

SPEC CHECKSUMS:
  cocoa_grinwallet: 48e6f0a161eb59376c99f793bd61e0d730deee57
  ObjectMapper: 078b564ed25c6578b62588e306bf1da3924636d4
  Result: bd966fac789cc6c1563440b348ab2598cc24d5c7
  SwiftyJSON: 36413e04c44ee145039d332b4f4e2d3e8d6c4db7

PODFILE CHECKSUM: 4921f61a3b2c6096eba48709105925e62df48a32

COCOAPODS: 1.7.2
