PODS:
  - cocoa_grinwallet (1.0.4)

DEPENDENCIES:
  - cocoa_grinwallet (from `https://github.com/gottstech/cocoa_grinwallet.git`, tag `v1.0.4`)

EXTERNAL SOURCES:
  cocoa_grinwallet:
    :git: https://github.com/gottstech/cocoa_grinwallet.git
    :tag: v1.0.4

CHECKOUT OPTIONS:
  cocoa_grinwallet:
    :git: https://github.com/gottstech/cocoa_grinwallet.git
    :tag: v1.0.4

SPEC CHECKSUMS:
  cocoa_grinwallet: 7563b6523b41b2e4190984f806a52166286d0358

PODFILE CHECKSUM: 90221ee6fb75c49b4cf7a6e36b3cda3b8422799a

COCOAPODS: 1.6.0.beta.2
